// !$*UTF8*$!
{
	archiveVersion = 1;
	classes = {
	};
	objectVersion = 55;
	objects = {

/* Begin PBXBuildFile section */
		6356A92B28D0E2A600564F55 /* EmployeeAPITests.swift in Sources */ = {isa = PBXBuildFile; fileRef = 6356A92A28D0E2A600564F55 /* EmployeeAPITests.swift */; };
		6382328B28D0E17100AE4793 /* AppDelegate.swift in Sources */ = {isa = PBXBuildFile; fileRef = 6382328A28D0E17100AE4793 /* AppDelegate.swift */; };
		6382328D28D0E17100AE4793 /* SceneDelegate.swift in Sources */ = {isa = PBXBuildFile; fileRef = 6382328C28D0E17100AE4793 /* SceneDelegate.swift */; };
		6382328F28D0E17100AE4793 /* EmployeeListViewController.swift in Sources */ = {isa = PBXBuildFile; fileRef = 6382328E28D0E17100AE4793 /* EmployeeListViewController.swift */; };
		6382329428D0E17100AE4793 /* Assets.xcassets in Resources */ = {isa = PBXBuildFile; fileRef = 6382329328D0E17100AE4793 /* Assets.xcassets */; };
		6382329728D0E17100AE4793 /* LaunchScreen.storyboard in Resources */ = {isa = PBXBuildFile; fileRef = 6382329528D0E17100AE4793 /* LaunchScreen.storyboard */; };
		BA6E308C273CC53F4D4AEA9B /* EmployeeAPI.swift in Sources */ = {isa = PBXBuildFile; fileRef = BA6E3D8E8597328280DC34D2 /* EmployeeAPI.swift */; };
		BA6E328122B0FC7E466B19CB /* EmployeeAPIError.swift in Sources */ = {isa = PBXBuildFile; fileRef = BA6E3D06D68C59A0B1413324 /* EmployeeAPIError.swift */; };
		BA6E32B13C26C8B8A6FC5E8B /* MockURLSession.swift in Sources */ = {isa = PBXBuildFile; fileRef = BA6E3F24D7C23B26C397A7AF /* MockURLSession.swift */; };
		BA6E344743B8095A2D9AA130 /* Localizable.strings in Resources */ = {isa = PBXBuildFile; fileRef = BA6E36DED8CCB1F54707832B /* Localizable.strings */; };
		BA6E35A834779413FD850491 /* SquareURLSession.swift in Sources */ = {isa = PBXBuildFile; fileRef = BA6E33605F7C52E5693C3128 /* SquareURLSession.swift */; };
		BA6E38B6E922A8C5D8DF5521 /* Employee.swift in Sources */ = {isa = PBXBuildFile; fileRef = BA6E388138E1E1F4A23D9304 /* Employee.swift */; };
		BA6E3A08128C52B23F17661E /* SquareDispatchQueue.swift in Sources */ = {isa = PBXBuildFile; fileRef = BA6E3992ED7725F5A124261C /* SquareDispatchQueue.swift */; };
		BA6E3AAA8B7C08FAE1ACB8E3 /* EmployeeTableViewCell.swift in Sources */ = {isa = PBXBuildFile; fileRef = BA6E375D1DBFD4574DB54508 /* EmployeeTableViewCell.swift */; };
		BA6E3B8DB8581B0BC7B6B00B /* EmployeeListViewControllerTests.swift in Sources */ = {isa = PBXBuildFile; fileRef = BA6E32C1D160AEEF6DEECF02 /* EmployeeListViewControllerTests.swift */; };
/* End PBXBuildFile section */

/* Begin PBXContainerItemProxy section */
		6356A92C28D0E2A600564F55 /* PBXContainerItemProxy */ = {
			isa = PBXContainerItemProxy;
			containerPortal = 6382327F28D0E17000AE4793 /* Project object */;
			proxyType = 1;
			remoteGlobalIDString = 6382328628D0E17000AE4793;
			remoteInfo = Contacts;
		};
/* End PBXContainerItemProxy section */

/* Begin PBXFileReference section */
		6356A92828D0E2A600564F55 /* ContactsTests.xctest */ = {isa = PBXFileReference; explicitFileType = wrapper.cfbundle; includeInIndex = 0; path = ContactsTests.xctest; sourceTree = BUILT_PRODUCTS_DIR; };
		6356A92A28D0E2A600564F55 /* EmployeeAPITests.swift */ = {isa = PBXFileReference; lastKnownFileType = sourcecode.swift; path = EmployeeAPITests.swift; sourceTree = "<group>"; };
		6382328728D0E17000AE4793 /* Contacts.app */ = {isa = PBXFileReference; explicitFileType = wrapper.application; includeInIndex = 0; path = Contacts.app; sourceTree = BUILT_PRODUCTS_DIR; };
		6382328A28D0E17100AE4793 /* AppDelegate.swift */ = {isa = PBXFileReference; lastKnownFileType = sourcecode.swift; path = AppDelegate.swift; sourceTree = "<group>"; };
		6382328C28D0E17100AE4793 /* SceneDelegate.swift */ = {isa = PBXFileReference; lastKnownFileType = sourcecode.swift; path = SceneDelegate.swift; sourceTree = "<group>"; };
		6382328E28D0E17100AE4793 /* EmployeeListViewController.swift */ = {isa = PBXFileReference; lastKnownFileType = sourcecode.swift; path = EmployeeListViewController.swift; sourceTree = "<group>"; };
		6382329328D0E17100AE4793 /* Assets.xcassets */ = {isa = PBXFileReference; lastKnownFileType = folder.assetcatalog; path = Assets.xcassets; sourceTree = "<group>"; };
		6382329628D0E17100AE4793 /* Base */ = {isa = PBXFileReference; lastKnownFileType = file.storyboard; name = Base; path = Base.lproj/LaunchScreen.storyboard; sourceTree = "<group>"; };
		6382329828D0E17100AE4793 /* Info.plist */ = {isa = PBXFileReference; lastKnownFileType = text.plist.xml; path = Info.plist; sourceTree = "<group>"; };
		BA6E32C1D160AEEF6DEECF02 /* EmployeeListViewControllerTests.swift */ = {isa = PBXFileReference; fileEncoding = 4; lastKnownFileType = sourcecode.swift; path = EmployeeListViewControllerTests.swift; sourceTree = "<group>"; };
		BA6E33605F7C52E5693C3128 /* SquareURLSession.swift */ = {isa = PBXFileReference; fileEncoding = 4; lastKnownFileType = sourcecode.swift; path = SquareURLSession.swift; sourceTree = "<group>"; };
		BA6E36DED8CCB1F54707832B /* Localizable.strings */ = {isa = PBXFileReference; fileEncoding = 4; lastKnownFileType = text.plist.strings; path = Localizable.strings; sourceTree = "<group>"; };
		BA6E375D1DBFD4574DB54508 /* EmployeeTableViewCell.swift */ = {isa = PBXFileReference; fileEncoding = 4; lastKnownFileType = sourcecode.swift; path = EmployeeTableViewCell.swift; sourceTree = "<group>"; };
		BA6E388138E1E1F4A23D9304 /* Employee.swift */ = {isa = PBXFileReference; fileEncoding = 4; lastKnownFileType = sourcecode.swift; path = Employee.swift; sourceTree = "<group>"; };
		BA6E3992ED7725F5A124261C /* SquareDispatchQueue.swift */ = {isa = PBXFileReference; fileEncoding = 4; lastKnownFileType = sourcecode.swift; path = SquareDispatchQueue.swift; sourceTree = "<group>"; };
		BA6E3D06D68C59A0B1413324 /* EmployeeAPIError.swift */ = {isa = PBXFileReference; fileEncoding = 4; lastKnownFileType = sourcecode.swift; path = EmployeeAPIError.swift; sourceTree = "<group>"; };
		BA6E3D8E8597328280DC34D2 /* EmployeeAPI.swift */ = {isa = PBXFileReference; fileEncoding = 4; lastKnownFileType = sourcecode.swift; path = EmployeeAPI.swift; sourceTree = "<group>"; };
		BA6E3F24D7C23B26C397A7AF /* MockURLSession.swift */ = {isa = PBXFileReference; fileEncoding = 4; lastKnownFileType = sourcecode.swift; path = MockURLSession.swift; sourceTree = "<group>"; };
/* End PBXFileReference section */

/* Begin PBXFrameworksBuildPhase section */
		6356A92528D0E2A600564F55 /* Frameworks */ = {
			isa = PBXFrameworksBuildPhase;
			buildActionMask = 2147483647;
			files = (
			);
			runOnlyForDeploymentPostprocessing = 0;
		};
		6382328428D0E17000AE4793 /* Frameworks */ = {
			isa = PBXFrameworksBuildPhase;
			buildActionMask = 2147483647;
			files = (
			);
			runOnlyForDeploymentPostprocessing = 0;
		};
/* End PBXFrameworksBuildPhase section */

/* Begin PBXGroup section */
		6356A92928D0E2A600564F55 /* ContactsTests */ = {
			isa = PBXGroup;
			children = (
				6356A92A28D0E2A600564F55 /* EmployeeAPITests.swift */,
				BA6E3F24D7C23B26C397A7AF /* MockURLSession.swift */,
				BA6E32C1D160AEEF6DEECF02 /* EmployeeListViewControllerTests.swift */,
			);
			path = ContactsTests;
			sourceTree = "<group>";
		};
		6382327E28D0E17000AE4793 = {
			isa = PBXGroup;
			children = (
				6382328928D0E17000AE4793 /* Contacts */,
				6356A92928D0E2A600564F55 /* ContactsTests */,
				6382328828D0E17000AE4793 /* Products */,
			);
			sourceTree = "<group>";
		};
		6382328828D0E17000AE4793 /* Products */ = {
			isa = PBXGroup;
			children = (
				6382328728D0E17000AE4793 /* Contacts.app */,
				6356A92828D0E2A600564F55 /* ContactsTests.xctest */,
			);
			name = Products;
			sourceTree = "<group>";
		};
		6382328928D0E17000AE4793 /* Contacts */ = {
			isa = PBXGroup;
			children = (
				6382328A28D0E17100AE4793 /* AppDelegate.swift */,
				6382328C28D0E17100AE4793 /* SceneDelegate.swift */,
				6382328E28D0E17100AE4793 /* EmployeeListViewController.swift */,
				6382329328D0E17100AE4793 /* Assets.xcassets */,
				6382329528D0E17100AE4793 /* LaunchScreen.storyboard */,
				6382329828D0E17100AE4793 /* Info.plist */,
				BA6E3D8E8597328280DC34D2 /* EmployeeAPI.swift */,
				BA6E388138E1E1F4A23D9304 /* Employee.swift */,
				BA6E33605F7C52E5693C3128 /* SquareURLSession.swift */,
				BA6E3D06D68C59A0B1413324 /* EmployeeAPIError.swift */,
				BA6E36DED8CCB1F54707832B /* Localizable.strings */,
				BA6E3992ED7725F5A124261C /* SquareDispatchQueue.swift */,
				BA6E375D1DBFD4574DB54508 /* EmployeeTableViewCell.swift */,
			);
			path = Contacts;
			sourceTree = "<group>";
		};
/* End PBXGroup section */

/* Begin PBXNativeTarget section */
		6356A92728D0E2A600564F55 /* ContactsTests */ = {
			isa = PBXNativeTarget;
			buildConfigurationList = 6356A93028D0E2A600564F55 /* Build configuration list for PBXNativeTarget "ContactsTests" */;
			buildPhases = (
				6356A92428D0E2A600564F55 /* Sources */,
				6356A92528D0E2A600564F55 /* Frameworks */,
				6356A92628D0E2A600564F55 /* Resources */,
			);
			buildRules = (
			);
			dependencies = (
				6356A92D28D0E2A600564F55 /* PBXTargetDependency */,
			);
			name = ContactsTests;
			productName = ContactsTests;
			productReference = 6356A92828D0E2A600564F55 /* ContactsTests.xctest */;
			productType = "com.apple.product-type.bundle.unit-test";
		};
		6382328628D0E17000AE4793 /* Contacts */ = {
			isa = PBXNativeTarget;
			buildConfigurationList = 6382329B28D0E17100AE4793 /* Build configuration list for PBXNativeTarget "Contacts" */;
			buildPhases = (
				6382328328D0E17000AE4793 /* Sources */,
				6382328428D0E17000AE4793 /* Frameworks */,
				6382328528D0E17000AE4793 /* Resources */,
			);
			buildRules = (
			);
			dependencies = (
			);
			name = Contacts;
			productName = Contacts;
			productReference = 6382328728D0E17000AE4793 /* Contacts.app */;
			productType = "com.apple.product-type.application";
		};
/* End PBXNativeTarget section */

/* Begin PBXProject section */
		6382327F28D0E17000AE4793 /* Project object */ = {
			isa = PBXProject;
			attributes = {
				BuildIndependentTargetsInParallel = 1;
				LastSwiftUpdateCheck = 1320;
				LastUpgradeCheck = 1320;
				TargetAttributes = {
					6356A92728D0E2A600564F55 = {
						CreatedOnToolsVersion = 13.2.1;
						TestTargetID = 6382328628D0E17000AE4793;
					};
					6382328628D0E17000AE4793 = {
						CreatedOnToolsVersion = 13.2.1;
					};
				};
			};
			buildConfigurationList = 6382328228D0E17000AE4793 /* Build configuration list for PBXProject "Contacts" */;
			compatibilityVersion = "Xcode 13.0";
			developmentRegion = en;
			hasScannedForEncodings = 0;
			knownRegions = (
				en,
				Base,
			);
			mainGroup = 6382327E28D0E17000AE4793;
			productRefGroup = 6382328828D0E17000AE4793 /* Products */;
			projectDirPath = "";
			projectRoot = "";
			targets = (
				6382328628D0E17000AE4793 /* Contacts */,
				6356A92728D0E2A600564F55 /* ContactsTests */,
			);
		};
/* End PBXProject section */

/* Begin PBXResourcesBuildPhase section */
		6356A92628D0E2A600564F55 /* Resources */ = {
			isa = PBXResourcesBuildPhase;
			buildActionMask = 2147483647;
			files = (
			);
			runOnlyForDeploymentPostprocessing = 0;
		};
		6382328528D0E17000AE4793 /* Resources */ = {
			isa = PBXResourcesBuildPhase;
			buildActionMask = 2147483647;
			files = (
				6382329728D0E17100AE4793 /* LaunchScreen.storyboard in Resources */,
				6382329428D0E17100AE4793 /* Assets.xcassets in Resources */,
				BA6E344743B8095A2D9AA130 /* Localizable.strings in Resources */,
			);
			runOnlyForDeploymentPostprocessing = 0;
		};
/* End PBXResourcesBuildPhase section */

/* Begin PBXSourcesBuildPhase section */
		6356A92428D0E2A600564F55 /* Sources */ = {
			isa = PBXSourcesBuildPhase;
			buildActionMask = 2147483647;
			files = (
				6356A92B28D0E2A600564F55 /* EmployeeAPITests.swift in Sources */,
				BA6E32B13C26C8B8A6FC5E8B /* MockURLSession.swift in Sources */,
				BA6E3B8DB8581B0BC7B6B00B /* EmployeeListViewControllerTests.swift in Sources */,
			);
			runOnlyForDeploymentPostprocessing = 0;
		};
		6382328328D0E17000AE4793 /* Sources */ = {
			isa = PBXSourcesBuildPhase;
			buildActionMask = 2147483647;
			files = (
				6382328F28D0E17100AE4793 /* EmployeeListViewController.swift in Sources */,
				6382328B28D0E17100AE4793 /* AppDelegate.swift in Sources */,
				6382328D28D0E17100AE4793 /* SceneDelegate.swift in Sources */,
				BA6E308C273CC53F4D4AEA9B /* EmployeeAPI.swift in Sources */,
				BA6E38B6E922A8C5D8DF5521 /* Employee.swift in Sources */,
				BA6E35A834779413FD850491 /* SquareURLSession.swift in Sources */,
				BA6E328122B0FC7E466B19CB /* EmployeeAPIError.swift in Sources */,
				BA6E3A08128C52B23F17661E /* SquareDispatchQueue.swift in Sources */,
				BA6E3AAA8B7C08FAE1ACB8E3 /* EmployeeTableViewCell.swift in Sources */,
			);
			runOnlyForDeploymentPostprocessing = 0;
		};
/* End PBXSourcesBuildPhase section */

/* Begin PBXTargetDependency section */
		6356A92D28D0E2A600564F55 /* PBXTargetDependency */ = {
			isa = PBXTargetDependency;
			target = 6382328628D0E17000AE4793 /* Contacts */;
			targetProxy = 6356A92C28D0E2A600564F55 /* PBXContainerItemProxy */;
		};
/* End PBXTargetDependency section */

/* Begin PBXVariantGroup section */
		6382329528D0E17100AE4793 /* LaunchScreen.storyboard */ = {
			isa = PBXVariantGroup;
			children = (
				6382329628D0E17100AE4793 /* Base */,
			);
			name = LaunchScreen.storyboard;
			sourceTree = "<group>";
		};
/* End PBXVariantGroup section */

/* Begin XCBuildConfiguration section */
		6356A92E28D0E2A600564F55 /* Debug */ = {
			isa = XCBuildConfiguration;
			buildSettings = {
				BUNDLE_LOADER = "$(TEST_HOST)";
				CODE_SIGN_STYLE = Automatic;
				CURRENT_PROJECT_VERSION = 1;
				DEVELOPMENT_TEAM = A6K9P929M9;
				GENERATE_INFOPLIST_FILE = YES;
				MARKETING_VERSION = 1.0;
				PRODUCT_BUNDLE_IDENTIFIER = com.piofusco.ContactsTests;
				PRODUCT_NAME = "$(TARGET_NAME)";
				SWIFT_EMIT_LOC_STRINGS = NO;
				SWIFT_VERSION = 5.0;
				TARGETED_DEVICE_FAMILY = "1,2";
				TEST_HOST = "$(BUILT_PRODUCTS_DIR)/Contacts.app/Contacts";
			};
			name = Debug;
		};
		6356A92F28D0E2A600564F55 /* Release */ = {
			isa = XCBuildConfiguration;
			buildSettings = {
				BUNDLE_LOADER = "$(TEST_HOST)";
				CODE_SIGN_STYLE = Automatic;
				CURRENT_PROJECT_VERSION = 1;
				DEVELOPMENT_TEAM = A6K9P929M9;
				GENERATE_INFOPLIST_FILE = YES;
				MARKETING_VERSION = 1.0;
				PRODUCT_BUNDLE_IDENTIFIER = com.piofusco.ContactsTests;
				PRODUCT_NAME = "$(TARGET_NAME)";
				SWIFT_EMIT_LOC_STRINGS = NO;
				SWIFT_VERSION = 5.0;
				TARGETED_DEVICE_FAMILY = "1,2";
				TEST_HOST = "$(BUILT_PRODUCTS_DIR)/Contacts.app/Contacts";
			};
			name = Release;
		};
		6382329928D0E17100AE4793 /* Debug */ = {
			isa = XCBuildConfiguration;
			buildSettings = {
				ALWAYS_SEARCH_USER_PATHS = NO;
				CLANG_ANALYZER_NONNULL = YES;
				CLANG_ANALYZER_NUMBER_OBJECT_CONVERSION = YES_AGGRESSIVE;
				CLANG_CXX_LANGUAGE_STANDARD = "gnu++17";
				CLANG_CXX_LIBRARY = "libc++";
				CLANG_ENABLE_MODULES = YES;
				CLANG_ENABLE_OBJC_ARC = YES;
				CLANG_ENABLE_OBJC_WEAK = YES;
				CLANG_WARN_BLOCK_CAPTURE_AUTORELEASING = YES;
				CLANG_WARN_BOOL_CONVERSION = YES;
				CLANG_WARN_COMMA = YES;
				CLANG_WARN_CONSTANT_CONVERSION = YES;
				CLANG_WARN_DEPRECATED_OBJC_IMPLEMENTATIONS = YES;
				CLANG_WARN_DIRECT_OBJC_ISA_USAGE = YES_ERROR;
				CLANG_WARN_DOCUMENTATION_COMMENTS = YES;
				CLANG_WARN_EMPTY_BODY = YES;
				CLANG_WARN_ENUM_CONVERSION = YES;
				CLANG_WARN_INFINITE_RECURSION = YES;
				CLANG_WARN_INT_CONVERSION = YES;
				CLANG_WARN_NON_LITERAL_NULL_CONVERSION = YES;
				CLANG_WARN_OBJC_IMPLICIT_RETAIN_SELF = YES;
				CLANG_WARN_OBJC_LITERAL_CONVERSION = YES;
				CLANG_WARN_OBJC_ROOT_CLASS = YES_ERROR;
				CLANG_WARN_QUOTED_INCLUDE_IN_FRAMEWORK_HEADER = YES;
				CLANG_WARN_RANGE_LOOP_ANALYSIS = YES;
				CLANG_WARN_STRICT_PROTOTYPES = YES;
				CLANG_WARN_SUSPICIOUS_MOVE = YES;
				CLANG_WARN_UNGUARDED_AVAILABILITY = YES_AGGRESSIVE;
				CLANG_WARN_UNREACHABLE_CODE = YES;
				CLANG_WARN__DUPLICATE_METHOD_MATCH = YES;
				COPY_PHASE_STRIP = NO;
				DEBUG_INFORMATION_FORMAT = dwarf;
				ENABLE_STRICT_OBJC_MSGSEND = YES;
				ENABLE_TESTABILITY = YES;
				GCC_C_LANGUAGE_STANDARD = gnu11;
				GCC_DYNAMIC_NO_PIC = NO;
				GCC_NO_COMMON_BLOCKS = YES;
				GCC_OPTIMIZATION_LEVEL = 0;
				GCC_PREPROCESSOR_DEFINITIONS = (
					"DEBUG=1",
					"$(inherited)",
				);
				GCC_WARN_64_TO_32_BIT_CONVERSION = YES;
				GCC_WARN_ABOUT_RETURN_TYPE = YES_ERROR;
				GCC_WARN_UNDECLARED_SELECTOR = YES;
				GCC_WARN_UNINITIALIZED_AUTOS = YES_AGGRESSIVE;
				GCC_WARN_UNUSED_FUNCTION = YES;
				GCC_WARN_UNUSED_VARIABLE = YES;
				IPHONEOS_DEPLOYMENT_TARGET = 15.2;
				MTL_ENABLE_DEBUG_INFO = INCLUDE_SOURCE;
				MTL_FAST_MATH = YES;
				ONLY_ACTIVE_ARCH = YES;
				SDKROOT = iphoneos;
				SWIFT_ACTIVE_COMPILATION_CONDITIONS = DEBUG;
				SWIFT_OPTIMIZATION_LEVEL = "-Onone";
			};
			name = Debug;
		};
		6382329A28D0E17100AE4793 /* Release */ = {
			isa = XCBuildConfiguration;
			buildSettings = {
				ALWAYS_SEARCH_USER_PATHS = NO;
				CLANG_ANALYZER_NONNULL = YES;
				CLANG_ANALYZER_NUMBER_OBJECT_CONVERSION = YES_AGGRESSIVE;
				CLANG_CXX_LANGUAGE_STANDARD = "gnu++17";
				CLANG_CXX_LIBRARY = "libc++";
				CLANG_ENABLE_MODULES = YES;
				CLANG_ENABLE_OBJC_ARC = YES;
				CLANG_ENABLE_OBJC_WEAK = YES;
				CLANG_WARN_BLOCK_CAPTURE_AUTORELEASING = YES;
				CLANG_WARN_BOOL_CONVERSION = YES;
				CLANG_WARN_COMMA = YES;
				CLANG_WARN_CONSTANT_CONVERSION = YES;
				CLANG_WARN_DEPRECATED_OBJC_IMPLEMENTATIONS = YES;
				CLANG_WARN_DIRECT_OBJC_ISA_USAGE = YES_ERROR;
				CLANG_WARN_DOCUMENTATION_COMMENTS = YES;
				CLANG_WARN_EMPTY_BODY = YES;
				CLANG_WARN_ENUM_CONVERSION = YES;
				CLANG_WARN_INFINITE_RECURSION = YES;
				CLANG_WARN_INT_CONVERSION = YES;
				CLANG_WARN_NON_LITERAL_NULL_CONVERSION = YES;
				CLANG_WARN_OBJC_IMPLICIT_RETAIN_SELF = YES;
				CLANG_WARN_OBJC_LITERAL_CONVERSION = YES;
				CLANG_WARN_OBJC_ROOT_CLASS = YES_ERROR;
				CLANG_WARN_QUOTED_INCLUDE_IN_FRAMEWORK_HEADER = YES;
				CLANG_WARN_RANGE_LOOP_ANALYSIS = YES;
				CLANG_WARN_STRICT_PROTOTYPES = YES;
				CLANG_WARN_SUSPICIOUS_MOVE = YES;
				CLANG_WARN_UNGUARDED_AVAILABILITY = YES_AGGRESSIVE;
				CLANG_WARN_UNREACHABLE_CODE = YES;
				CLANG_WARN__DUPLICATE_METHOD_MATCH = YES;
				COPY_PHASE_STRIP = NO;
				DEBUG_INFORMATION_FORMAT = "dwarf-with-dsym";
				ENABLE_NS_ASSERTIONS = NO;
				ENABLE_STRICT_OBJC_MSGSEND = YES;
				GCC_C_LANGUAGE_STANDARD = gnu11;
				GCC_NO_COMMON_BLOCKS = YES;
				GCC_WARN_64_TO_32_BIT_CONVERSION = YES;
				GCC_WARN_ABOUT_RETURN_TYPE = YES_ERROR;
				GCC_WARN_UNDECLARED_SELECTOR = YES;
				GCC_WARN_UNINITIALIZED_AUTOS = YES_AGGRESSIVE;
				GCC_WARN_UNUSED_FUNCTION = YES;
				GCC_WARN_UNUSED_VARIABLE = YES;
				IPHONEOS_DEPLOYMENT_TARGET = 15.2;
				MTL_ENABLE_DEBUG_INFO = NO;
				MTL_FAST_MATH = YES;
				SDKROOT = iphoneos;
				SWIFT_COMPILATION_MODE = wholemodule;
				SWIFT_OPTIMIZATION_LEVEL = "-O";
				VALIDATE_PRODUCT = YES;
			};
			name = Release;
		};
		6382329C28D0E17100AE4793 /* Debug */ = {
			isa = XCBuildConfiguration;
			buildSettings = {
				ASSETCATALOG_COMPILER_APPICON_NAME = AppIcon;
				ASSETCATALOG_COMPILER_GLOBAL_ACCENT_COLOR_NAME = AccentColor;
				CODE_SIGN_STYLE = Automatic;
				CURRENT_PROJECT_VERSION = 1;
				DEVELOPMENT_TEAM = A6K9P929M9;
				GENERATE_INFOPLIST_FILE = YES;
				INFOPLIST_FILE = Contacts/Info.plist;
				INFOPLIST_KEY_UIApplicationSupportsIndirectInputEvents = YES;
				INFOPLIST_KEY_UILaunchStoryboardName = LaunchScreen;
				INFOPLIST_KEY_UISupportedInterfaceOrientations = UIInterfaceOrientationPortrait;
				INFOPLIST_KEY_UISupportedInterfaceOrientations_iPad = "UIInterfaceOrientationPortrait UIInterfaceOrientationPortraitUpsideDown UIInterfaceOrientationLandscapeLeft UIInterfaceOrientationLandscapeRight";
				INFOPLIST_KEY_UISupportedInterfaceOrientations_iPhone = "UIInterfaceOrientationPortrait UIInterfaceOrientationLandscapeLeft UIInterfaceOrientationLandscapeRight";
				LD_RUNPATH_SEARCH_PATHS = (
					"$(inherited)",
					"@executable_path/Frameworks",
				);
				MARKETING_VERSION = 1.0;
				PRODUCT_BUNDLE_IDENTIFIER = com.piofusco.Contacts;
				PRODUCT_NAME = "$(TARGET_NAME)";
				SWIFT_EMIT_LOC_STRINGS = YES;
				SWIFT_VERSION = 5.0;
				TARGETED_DEVICE_FAMILY = 1;
			};
			name = Debug;
		};
		6382329D28D0E17100AE4793 /* Release */ = {
			isa = XCBuildConfiguration;
			buildSettings = {
				ASSETCATALOG_COMPILER_APPICON_NAME = AppIcon;
				ASSETCATALOG_COMPILER_GLOBAL_ACCENT_COLOR_NAME = AccentColor;
				CODE_SIGN_STYLE = Automatic;
				CURRENT_PROJECT_VERSION = 1;
				DEVELOPMENT_TEAM = A6K9P929M9;
				GENERATE_INFOPLIST_FILE = YES;
				INFOPLIST_FILE = Contacts/Info.plist;
				INFOPLIST_KEY_UIApplicationSupportsIndirectInputEvents = YES;
				INFOPLIST_KEY_UILaunchStoryboardName = LaunchScreen;
				INFOPLIST_KEY_UISupportedInterfaceOrientations = UIInterfaceOrientationPortrait;
				INFOPLIST_KEY_UISupportedInterfaceOrientations_iPad = "UIInterfaceOrientationPortrait UIInterfaceOrientationPortraitUpsideDown UIInterfaceOrientationLandscapeLeft UIInterfaceOrientationLandscapeRight";
				INFOPLIST_KEY_UISupportedInterfaceOrientations_iPhone = "UIInterfaceOrientationPortrait UIInterfaceOrientationLandscapeLeft UIInterfaceOrientationLandscapeRight";
				LD_RUNPATH_SEARCH_PATHS = (
					"$(inherited)",
					"@executable_path/Frameworks",
				);
				MARKETING_VERSION = 1.0;
				PRODUCT_BUNDLE_IDENTIFIER = com.piofusco.Contacts;
				PRODUCT_NAME = "$(TARGET_NAME)";
				SWIFT_EMIT_LOC_STRINGS = YES;
				SWIFT_VERSION = 5.0;
				TARGETED_DEVICE_FAMILY = 1;
			};
			name = Release;
		};
/* End XCBuildConfiguration section */

/* Begin XCConfigurationList section */
		6356A93028D0E2A600564F55 /* Build configuration list for PBXNativeTarget "ContactsTests" */ = {
			isa = XCConfigurationList;
			buildConfigurations = (
				6356A92E28D0E2A600564F55 /* Debug */,
				6356A92F28D0E2A600564F55 /* Release */,
			);
			defaultConfigurationIsVisible = 0;
			defaultConfigurationName = Release;
		};
		6382328228D0E17000AE4793 /* Build configuration list for PBXProject "Contacts" */ = {
			isa = XCConfigurationList;
			buildConfigurations = (
				6382329928D0E17100AE4793 /* Debug */,
				6382329A28D0E17100AE4793 /* Release */,
			);
			defaultConfigurationIsVisible = 0;
			defaultConfigurationName = Release;
		};
		6382329B28D0E17100AE4793 /* Build configuration list for PBXNativeTarget "Contacts" */ = {
			isa = XCConfigurationList;
			buildConfigurations = (
				6382329C28D0E17100AE4793 /* Debug */,
				6382329D28D0E17100AE4793 /* Release */,
			);
			defaultConfigurationIsVisible = 0;
			defaultConfigurationName = Release;
		};
/* End XCConfigurationList section */
	};
	rootObject = 6382327F28D0E17000AE4793 /* Project object */;
}
